
Microsoft Visual Studio Solution File, Format Version 12.00
# Visual Studio Version 16
VisualStudioVersion = 16.0.29709.97
MinimumVisualStudioVersion = 10.0.40219.1
Project("{9A19103F-16F7-4668-BE54-9A1E7A4F7556}") = "csharp_interviews", "csharp_interviews\csharp_interviews.csproj", "{A765A7AF-3B52-49C8-AC79-868AFEA0A360}"
EndProject
Project("{9A19103F-16F7-4668-BE54-9A1E7A4F7556}") = "ut", "ut\ut.csproj", "{408C2867-21B5-4D7C-9DDC-E719E24EA6A7}"
EndProject
Project("{9A19103F-16F7-4668-BE54-9A1E7A4F7556}") = "jh", "jh\jh.csproj", "{B7262782-B21A-4753-9B1A-F9B69EF78505}"
EndProject
Project("{9A19103F-16F7-4668-BE54-9A1E7A4F7556}") = "angularclient", "angularclient\angularclient.csproj", "{49CD3E6E-281A-41B2-A96F-F146DE8BE55B}"
EndProject
Global
	GlobalSection(SolutionConfigurationPlatforms) = preSolution
		Debug|Any CPU = Debug|Any CPU
		Release|Any CPU = Release|Any CPU
	EndGlobalSection
	GlobalSection(ProjectConfigurationPlatforms) = postSolution
		{A765A7AF-3B52-49C8-AC79-868AFEA0A360}.Debug|Any CPU.ActiveCfg = Debug|Any CPU
		{A765A7AF-3B52-49C8-AC79-868AFEA0A360}.Debug|Any CPU.Build.0 = Debug|Any CPU
		{A765A7AF-3B52-49C8-AC79-868AFEA0A360}.Release|Any CPU.ActiveCfg = Release|Any CPU
		{A765A7AF-3B52-49C8-AC79-868AFEA0A360}.Release|Any CPU.Build.0 = Release|Any CPU
		{408C2867-21B5-4D7C-9DDC-E719E24EA6A7}.Debug|Any CPU.ActiveCfg = Debug|Any CPU
		{408C2867-21B5-4D7C-9DDC-E719E24EA6A7}.Debug|Any CPU.Build.0 = Debug|Any CPU
		{408C2867-21B5-4D7C-9DDC-E719E24EA6A7}.Release|Any CPU.ActiveCfg = Release|Any CPU
		{408C2867-21B5-4D7C-9DDC-E719E24EA6A7}.Release|Any CPU.Build.0 = Release|Any CPU
		{B7262782-B21A-4753-9B1A-F9B69EF78505}.Debug|Any CPU.ActiveCfg = Debug|Any CPU
		{B7262782-B21A-4753-9B1A-F9B69EF78505}.Debug|Any CPU.Build.0 = Debug|Any CPU
		{B7262782-B21A-4753-9B1A-F9B69EF78505}.Release|Any CPU.ActiveCfg = Release|Any CPU
		{B7262782-B21A-4753-9B1A-F9B69EF78505}.Release|Any CPU.Build.0 = Release|Any CPU
		{49CD3E6E-281A-41B2-A96F-F146DE8BE55B}.Debug|Any CPU.ActiveCfg = Debug|Any CPU
		{49CD3E6E-281A-41B2-A96F-F146DE8BE55B}.Debug|Any CPU.Build.0 = Debug|Any CPU
		{49CD3E6E-281A-41B2-A96F-F146DE8BE55B}.Release|Any CPU.ActiveCfg = Release|Any CPU
		{49CD3E6E-281A-41B2-A96F-F146DE8BE55B}.Release|Any CPU.Build.0 = Release|Any CPU
	EndGlobalSection
	GlobalSection(SolutionProperties) = preSolution
		HideSolutionNode = FALSE
	EndGlobalSection
	GlobalSection(ExtensibilityGlobals) = postSolution
		SolutionGuid = {54F16F4D-9236-46D2-A2D4-C5BA6DB4C01E}
	EndGlobalSection
EndGlobal
