{
  "requires": true,
  "lockfileVersion": 1,
  "dependencies": {
    "linqts": {
      "version": "1.12.0",
      "resolved": "https://registry.npmjs.org/linqts/-/linqts-1.12.0.tgz",
      "integrity": "sha512-U+bEoiitUnqYdYu1deG3+Kg2WyKaHTjHctQ/3RyJJodlSSDp+5mRsm8WQFwfPVlZjQXSAQZ9MFBkYxp48A42iA=="
    }
  }
}
