
Microsoft Visual Studio Solution File, Format Version 12.00
# Visual Studio Version 16
VisualStudioVersion = 16.0.29020.237
MinimumVisualStudioVersion = 10.0.40219.1
Project("{9A19103F-16F7-4668-BE54-9A1E7A4F7556}") = "angularclient", "angularclient\angularclient.csproj", "{2CBBD818-EC69-49BC-B16D-555689FC8CCB}"
EndProject
Project("{9A19103F-16F7-4668-BE54-9A1E7A4F7556}") = "consoleclient", "consoleclient\consoleclient.csproj", "{94982C33-63D2-4CDA-A79E-E2B30CBC3651}"
EndProject
Project("{9A19103F-16F7-4668-BE54-9A1E7A4F7556}") = "jsclient", "jsclient\jsclient.csproj", "{888408E3-4C91-48A6-A017-7DC99D360F91}"
EndProject
Project("{9A19103F-16F7-4668-BE54-9A1E7A4F7556}") = "auth", "auth\auth.csproj", "{53F13F3C-CD11-477A-8E57-1F0697F6F431}"
EndProject
Project("{FAE04EC0-301F-11D3-BF4B-00C04F79EFBC}") = "EnvironmentExtensions", "EnvironmentExtensions\EnvironmentExtensions.csproj", "{BC6F83AE-C543-40B7-AEDB-25217E588FC5}"
EndProject
Global
	GlobalSection(SolutionConfigurationPlatforms) = preSolution
		Debug|Any CPU = Debug|Any CPU
		Release|Any CPU = Release|Any CPU
	EndGlobalSection
	GlobalSection(ProjectConfigurationPlatforms) = postSolution
		{2CBBD818-EC69-49BC-B16D-555689FC8CCB}.Debug|Any CPU.ActiveCfg = Debug|Any CPU
		{2CBBD818-EC69-49BC-B16D-555689FC8CCB}.Debug|Any CPU.Build.0 = Debug|Any CPU
		{2CBBD818-EC69-49BC-B16D-555689FC8CCB}.Release|Any CPU.ActiveCfg = Release|Any CPU
		{2CBBD818-EC69-49BC-B16D-555689FC8CCB}.Release|Any CPU.Build.0 = Release|Any CPU
		{94982C33-63D2-4CDA-A79E-E2B30CBC3651}.Debug|Any CPU.ActiveCfg = Debug|Any CPU
		{94982C33-63D2-4CDA-A79E-E2B30CBC3651}.Debug|Any CPU.Build.0 = Debug|Any CPU
		{94982C33-63D2-4CDA-A79E-E2B30CBC3651}.Release|Any CPU.ActiveCfg = Release|Any CPU
		{94982C33-63D2-4CDA-A79E-E2B30CBC3651}.Release|Any CPU.Build.0 = Release|Any CPU
		{888408E3-4C91-48A6-A017-7DC99D360F91}.Debug|Any CPU.ActiveCfg = Debug|Any CPU
		{888408E3-4C91-48A6-A017-7DC99D360F91}.Debug|Any CPU.Build.0 = Debug|Any CPU
		{888408E3-4C91-48A6-A017-7DC99D360F91}.Release|Any CPU.ActiveCfg = Release|Any CPU
		{888408E3-4C91-48A6-A017-7DC99D360F91}.Release|Any CPU.Build.0 = Release|Any CPU
		{53F13F3C-CD11-477A-8E57-1F0697F6F431}.Debug|Any CPU.ActiveCfg = Debug|Any CPU
		{53F13F3C-CD11-477A-8E57-1F0697F6F431}.Debug|Any CPU.Build.0 = Debug|Any CPU
		{53F13F3C-CD11-477A-8E57-1F0697F6F431}.Release|Any CPU.ActiveCfg = Release|Any CPU
		{53F13F3C-CD11-477A-8E57-1F0697F6F431}.Release|Any CPU.Build.0 = Release|Any CPU
		{BC6F83AE-C543-40B7-AEDB-25217E588FC5}.Debug|Any CPU.ActiveCfg = Debug|Any CPU
		{BC6F83AE-C543-40B7-AEDB-25217E588FC5}.Debug|Any CPU.Build.0 = Debug|Any CPU
		{BC6F83AE-C543-40B7-AEDB-25217E588FC5}.Release|Any CPU.ActiveCfg = Release|Any CPU
		{BC6F83AE-C543-40B7-AEDB-25217E588FC5}.Release|Any CPU.Build.0 = Release|Any CPU
	EndGlobalSection
	GlobalSection(SolutionProperties) = preSolution
		HideSolutionNode = FALSE
	EndGlobalSection
	GlobalSection(ExtensibilityGlobals) = postSolution
		SolutionGuid = {55039F55-C6D6-4EE2-A84E-9F751E07C04D}
	EndGlobalSection
EndGlobal
