
Microsoft Visual Studio Solution File, Format Version 12.00
# Visual Studio 15
VisualStudioVersion = 15.0.28307.168
MinimumVisualStudioVersion = 10.0.40219.1
Project("{FAE04EC0-301F-11D3-BF4B-00C04F79EFBC}") = "NormalAspIdentity", "NormalAspIdentity\NormalAspIdentity.csproj", "{839976FB-2884-4114-A016-90A514A97611}"
EndProject
Global
	GlobalSection(SolutionConfigurationPlatforms) = preSolution
		Debug|Any CPU = Debug|Any CPU
		Release|Any CPU = Release|Any CPU
	EndGlobalSection
	GlobalSection(ProjectConfigurationPlatforms) = postSolution
		{839976FB-2884-4114-A016-90A514A97611}.Debug|Any CPU.ActiveCfg = Debug|Any CPU
		{839976FB-2884-4114-A016-90A514A97611}.Debug|Any CPU.Build.0 = Debug|Any CPU
		{839976FB-2884-4114-A016-90A514A97611}.Release|Any CPU.ActiveCfg = Release|Any CPU
		{839976FB-2884-4114-A016-90A514A97611}.Release|Any CPU.Build.0 = Release|Any CPU
	EndGlobalSection
	GlobalSection(SolutionProperties) = preSolution
		HideSolutionNode = FALSE
	EndGlobalSection
	GlobalSection(ExtensibilityGlobals) = postSolution
		SolutionGuid = {E207735B-40DF-4068-9E7C-DD22B12E192F}
	EndGlobalSection
EndGlobal
